// !$*UTF8*$!
{
	archiveVersion = 1;
	classes = {
	};
	objectVersion = 50;
	objects = {

/* Begin PBXBuildFile section */
		8A86B51926CECD8500E0699B /* TypeLabel.swift in Sources */ = {isa = PBXBuildFile; fileRef = 8A86B51826CECD8500E0699B /* TypeLabel.swift */; };
		8A86B51C26CED16A00E0699B /* OperationCell.swift in Sources */ = {isa = PBXBuildFile; fileRef = 8A86B51B26CED16A00E0699B /* OperationCell.swift */; };
		8A86B51E26CED26F00E0699B /* MainViewController+TableViewDataSource.swift in Sources */ = {isa = PBXBuildFile; fileRef = 8A86B51D26CED26F00E0699B /* MainViewController+TableViewDataSource.swift */; };
		8A86B52026CED89600E0699B /* OperationHeader.swift in Sources */ = {isa = PBXBuildFile; fileRef = 8A86B51F26CED89600E0699B /* OperationHeader.swift */; };
		8A90C7CD26CD7EB400FCC84A /* AppDelegate.swift in Sources */ = {isa = PBXBuildFile; fileRef = 8A90C7CC26CD7EB400FCC84A /* AppDelegate.swift */; };
		8A90C7D126CD7EB400FCC84A /* MainViewController.swift in Sources */ = {isa = PBXBuildFile; fileRef = 8A90C7D026CD7EB400FCC84A /* MainViewController.swift */; };
		8A90C7D626CD7EB700FCC84A /* Assets.xcassets in Resources */ = {isa = PBXBuildFile; fileRef = 8A90C7D526CD7EB700FCC84A /* Assets.xcassets */; };
		8A90C7D926CD7EB700FCC84A /* LaunchScreen.storyboard in Resources */ = {isa = PBXBuildFile; fileRef = 8A90C7D726CD7EB700FCC84A /* LaunchScreen.storyboard */; };
		8A90C7E426CD840500FCC84A /* TransferViewController.swift in Sources */ = {isa = PBXBuildFile; fileRef = 8A90C7E326CD840500FCC84A /* TransferViewController.swift */; };
		8A90C7E726CD918500FCC84A /* appConstants.swift in Sources */ = {isa = PBXBuildFile; fileRef = 8A90C7E626CD918500FCC84A /* appConstants.swift */; };
/* End PBXBuildFile section */

/* Begin PBXFileReference section */
		8A86B51826CECD8500E0699B /* TypeLabel.swift */ = {isa = PBXFileReference; lastKnownFileType = sourcecode.swift; path = TypeLabel.swift; sourceTree = "<group>"; };
		8A86B51B26CED16A00E0699B /* OperationCell.swift */ = {isa = PBXFileReference; lastKnownFileType = sourcecode.swift; path = OperationCell.swift; sourceTree = "<group>"; };
		8A86B51D26CED26F00E0699B /* MainViewController+TableViewDataSource.swift */ = {isa = PBXFileReference; lastKnownFileType = sourcecode.swift; path = "MainViewController+TableViewDataSource.swift"; sourceTree = "<group>"; };
		8A86B51F26CED89600E0699B /* OperationHeader.swift */ = {isa = PBXFileReference; lastKnownFileType = sourcecode.swift; path = OperationHeader.swift; sourceTree = "<group>"; };
		8A90C7C926CD7EB400FCC84A /* BankingApp.app */ = {isa = PBXFileReference; explicitFileType = wrapper.application; includeInIndex = 0; path = BankingApp.app; sourceTree = BUILT_PRODUCTS_DIR; };
		8A90C7CC26CD7EB400FCC84A /* AppDelegate.swift */ = {isa = PBXFileReference; lastKnownFileType = sourcecode.swift; path = AppDelegate.swift; sourceTree = "<group>"; };
		8A90C7D026CD7EB400FCC84A /* MainViewController.swift */ = {isa = PBXFileReference; lastKnownFileType = sourcecode.swift; path = MainViewController.swift; sourceTree = "<group>"; };
		8A90C7D526CD7EB700FCC84A /* Assets.xcassets */ = {isa = PBXFileReference; lastKnownFileType = folder.assetcatalog; path = Assets.xcassets; sourceTree = "<group>"; };
		8A90C7D826CD7EB700FCC84A /* Base */ = {isa = PBXFileReference; lastKnownFileType = file.storyboard; name = Base; path = Base.lproj/LaunchScreen.storyboard; sourceTree = "<group>"; };
		8A90C7DA26CD7EB700FCC84A /* Info.plist */ = {isa = PBXFileReference; lastKnownFileType = text.plist.xml; path = Info.plist; sourceTree = "<group>"; };
		8A90C7E326CD840500FCC84A /* TransferViewController.swift */ = {isa = PBXFileReference; lastKnownFileType = sourcecode.swift; path = TransferViewController.swift; sourceTree = "<group>"; };
		8A90C7E626CD918500FCC84A /* appConstants.swift */ = {isa = PBXFileReference; lastKnownFileType = sourcecode.swift; path = appConstants.swift; sourceTree = "<group>"; };
/* End PBXFileReference section */

/* Begin PBXFrameworksBuildPhase section */
		8A90C7C626CD7EB400FCC84A /* Frameworks */ = {
			isa = PBXFrameworksBuildPhase;
			buildActionMask = 2147483647;
			files = (
			);
			runOnlyForDeploymentPostprocessing = 0;
		};
/* End PBXFrameworksBuildPhase section */

/* Begin PBXGroup section */
		8A86B51A26CED12A00E0699B /* Operations */ = {
			isa = PBXGroup;
			children = (
				8A86B51B26CED16A00E0699B /* OperationCell.swift */,
				8A86B51F26CED89600E0699B /* OperationHeader.swift */,
			);
			path = Operations;
			sourceTree = "<group>";
		};
		8A90C7C026CD7EB300FCC84A = {
			isa = PBXGroup;
			children = (
				8A90C7CB26CD7EB400FCC84A /* BankingApp */,
				8A90C7CA26CD7EB400FCC84A /* Products */,
			);
			sourceTree = "<group>";
		};
		8A90C7CA26CD7EB400FCC84A /* Products */ = {
			isa = PBXGroup;
			children = (
				8A90C7C926CD7EB400FCC84A /* BankingApp.app */,
			);
			name = Products;
			sourceTree = "<group>";
		};
		8A90C7CB26CD7EB400FCC84A /* BankingApp */ = {
			isa = PBXGroup;
			children = (
				8A90C7E526CD916E00FCC84A /* Helper */,
				8A90C7E126CD83BF00FCC84A /* App */,
				8A90C7E226CD83C300FCC84A /* Main */,
				8A90C7E026CD83AA00FCC84A /* MoneyTransfer */,
				8A90C7D526CD7EB700FCC84A /* Assets.xcassets */,
				8A90C7D726CD7EB700FCC84A /* LaunchScreen.storyboard */,
				8A90C7DA26CD7EB700FCC84A /* Info.plist */,
			);
			path = BankingApp;
			sourceTree = "<group>";
		};
		8A90C7E026CD83AA00FCC84A /* MoneyTransfer */ = {
			isa = PBXGroup;
			children = (
				8A90C7E326CD840500FCC84A /* TransferViewController.swift */,
			);
			path = MoneyTransfer;
			sourceTree = "<group>";
		};
		8A90C7E126CD83BF00FCC84A /* App */ = {
			isa = PBXGroup;
			children = (
				8A90C7CC26CD7EB400FCC84A /* AppDelegate.swift */,
			);
			path = App;
			sourceTree = "<group>";
		};
		8A90C7E226CD83C300FCC84A /* Main */ = {
			isa = PBXGroup;
			children = (
				8A86B51A26CED12A00E0699B /* Operations */,
				8A90C7D026CD7EB400FCC84A /* MainViewController.swift */,
				8A86B51D26CED26F00E0699B /* MainViewController+TableViewDataSource.swift */,
			);
			path = Main;
			sourceTree = "<group>";
		};
		8A90C7E526CD916E00FCC84A /* Helper */ = {
			isa = PBXGroup;
			children = (
				8A90C7E626CD918500FCC84A /* appConstants.swift */,
				8A86B51826CECD8500E0699B /* TypeLabel.swift */,
			);
			path = Helper;
			sourceTree = "<group>";
		};
/* End PBXGroup section */

/* Begin PBXNativeTarget section */
		8A90C7C826CD7EB400FCC84A /* BankingApp */ = {
			isa = PBXNativeTarget;
			buildConfigurationList = 8A90C7DD26CD7EB700FCC84A /* Build configuration list for PBXNativeTarget "BankingApp" */;
			buildPhases = (
				8A90C7C526CD7EB400FCC84A /* Sources */,
				8A90C7C626CD7EB400FCC84A /* Frameworks */,
				8A90C7C726CD7EB400FCC84A /* Resources */,
			);
			buildRules = (
			);
			dependencies = (
			);
			name = BankingApp;
			productName = BankingApp;
			productReference = 8A90C7C926CD7EB400FCC84A /* BankingApp.app */;
			productType = "com.apple.product-type.application";
		};
/* End PBXNativeTarget section */

/* Begin PBXProject section */
		8A90C7C126CD7EB300FCC84A /* Project object */ = {
			isa = PBXProject;
			attributes = {
				LastSwiftUpdateCheck = 1250;
				LastUpgradeCheck = 1250;
				TargetAttributes = {
					8A90C7C826CD7EB400FCC84A = {
						CreatedOnToolsVersion = 12.5;
					};
				};
			};
			buildConfigurationList = 8A90C7C426CD7EB300FCC84A /* Build configuration list for PBXProject "BankingApp" */;
			compatibilityVersion = "Xcode 9.3";
			developmentRegion = en;
			hasScannedForEncodings = 0;
			knownRegions = (
				en,
				Base,
			);
			mainGroup = 8A90C7C026CD7EB300FCC84A;
			productRefGroup = 8A90C7CA26CD7EB400FCC84A /* Products */;
			projectDirPath = "";
			projectRoot = "";
			targets = (
				8A90C7C826CD7EB400FCC84A /* BankingApp */,
			);
		};
/* End PBXProject section */

/* Begin PBXResourcesBuildPhase section */
		8A90C7C726CD7EB400FCC84A /* Resources */ = {
			isa = PBXResourcesBuildPhase;
			buildActionMask = 2147483647;
			files = (
				8A90C7D926CD7EB700FCC84A /* LaunchScreen.storyboard in Resources */,
				8A90C7D626CD7EB700FCC84A /* Assets.xcassets in Resources */,
			);
			runOnlyForDeploymentPostprocessing = 0;
		};
/* End PBXResourcesBuildPhase section */

/* Begin PBXSourcesBuildPhase section */
		8A90C7C526CD7EB400FCC84A /* Sources */ = {
			isa = PBXSourcesBuildPhase;
			buildActionMask = 2147483647;
			files = (
				8A90C7D126CD7EB400FCC84A /* MainViewController.swift in Sources */,
				8A86B51E26CED26F00E0699B /* MainViewController+TableViewDataSource.swift in Sources */,
				8A86B52026CED89600E0699B /* OperationHeader.swift in Sources */,
				8A86B51926CECD8500E0699B /* TypeLabel.swift in Sources */,
				8A90C7E426CD840500FCC84A /* TransferViewController.swift in Sources */,
				8A86B51C26CED16A00E0699B /* OperationCell.swift in Sources */,
				8A90C7E726CD918500FCC84A /* appConstants.swift in Sources */,
				8A90C7CD26CD7EB400FCC84A /* AppDelegate.swift in Sources */,
			);
			runOnlyForDeploymentPostprocessing = 0;
		};
/* End PBXSourcesBuildPhase section */

/* Begin PBXVariantGroup section */
		8A90C7D726CD7EB700FCC84A /* LaunchScreen.storyboard */ = {
			isa = PBXVariantGroup;
			children = (
				8A90C7D826CD7EB700FCC84A /* Base */,
			);
			name = LaunchScreen.storyboard;
			sourceTree = "<group>";
		};
/* End PBXVariantGroup section */

/* Begin XCBuildConfiguration section */
		8A90C7DB26CD7EB700FCC84A /* Debug */ = {
			isa = XCBuildConfiguration;
			buildSettings = {
				ALWAYS_SEARCH_USER_PATHS = NO;
				CLANG_ANALYZER_NONNULL = YES;
				CLANG_ANALYZER_NUMBER_OBJECT_CONVERSION = YES_AGGRESSIVE;
				CLANG_CXX_LANGUAGE_STANDARD = "gnu++14";
				CLANG_CXX_LIBRARY = "libc++";
				CLANG_ENABLE_MODULES = YES;
				CLANG_ENABLE_OBJC_ARC = YES;
				CLANG_ENABLE_OBJC_WEAK = YES;
				CLANG_WARN_BLOCK_CAPTURE_AUTORELEASING = YES;
				CLANG_WARN_BOOL_CONVERSION = YES;
				CLANG_WARN_COMMA = YES;
				CLANG_WARN_CONSTANT_CONVERSION = YES;
				CLANG_WARN_DEPRECATED_OBJC_IMPLEMENTATIONS = YES;
				CLANG_WARN_DIRECT_OBJC_ISA_USAGE = YES_ERROR;
				CLANG_WARN_DOCUMENTATION_COMMENTS = YES;
				CLANG_WARN_EMPTY_BODY = YES;
				CLANG_WARN_ENUM_CONVERSION = YES;
				CLANG_WARN_INFINITE_RECURSION = YES;
				CLANG_WARN_INT_CONVERSION = YES;
				CLANG_WARN_NON_LITERAL_NULL_CONVERSION = YES;
				CLANG_WARN_OBJC_IMPLICIT_RETAIN_SELF = YES;
				CLANG_WARN_OBJC_LITERAL_CONVERSION = YES;
				CLANG_WARN_OBJC_ROOT_CLASS = YES_ERROR;
				CLANG_WARN_QUOTED_INCLUDE_IN_FRAMEWORK_HEADER = YES;
				CLANG_WARN_RANGE_LOOP_ANALYSIS = YES;
				CLANG_WARN_STRICT_PROTOTYPES = YES;
				CLANG_WARN_SUSPICIOUS_MOVE = YES;
				CLANG_WARN_UNGUARDED_AVAILABILITY = YES_AGGRESSIVE;
				CLANG_WARN_UNREACHABLE_CODE = YES;
				CLANG_WARN__DUPLICATE_METHOD_MATCH = YES;
				COPY_PHASE_STRIP = NO;
				DEBUG_INFORMATION_FORMAT = dwarf;
				ENABLE_STRICT_OBJC_MSGSEND = YES;
				ENABLE_TESTABILITY = YES;
				GCC_C_LANGUAGE_STANDARD = gnu11;
				GCC_DYNAMIC_NO_PIC = NO;
				GCC_NO_COMMON_BLOCKS = YES;
				GCC_OPTIMIZATION_LEVEL = 0;
				GCC_PREPROCESSOR_DEFINITIONS = (
					"DEBUG=1",
					"$(inherited)",
				);
				GCC_WARN_64_TO_32_BIT_CONVERSION = YES;
				GCC_WARN_ABOUT_RETURN_TYPE = YES_ERROR;
				GCC_WARN_UNDECLARED_SELECTOR = YES;
				GCC_WARN_UNINITIALIZED_AUTOS = YES_AGGRESSIVE;
				GCC_WARN_UNUSED_FUNCTION = YES;
				GCC_WARN_UNUSED_VARIABLE = YES;
				IPHONEOS_DEPLOYMENT_TARGET = 14.5;
				MTL_ENABLE_DEBUG_INFO = INCLUDE_SOURCE;
				MTL_FAST_MATH = YES;
				ONLY_ACTIVE_ARCH = YES;
				SDKROOT = iphoneos;
				SWIFT_ACTIVE_COMPILATION_CONDITIONS = DEBUG;
				SWIFT_OPTIMIZATION_LEVEL = "-Onone";
			};
			name = Debug;
		};
		8A90C7DC26CD7EB700FCC84A /* Release */ = {
			isa = XCBuildConfiguration;
			buildSettings = {
				ALWAYS_SEARCH_USER_PATHS = NO;
				CLANG_ANALYZER_NONNULL = YES;
				CLANG_ANALYZER_NUMBER_OBJECT_CONVERSION = YES_AGGRESSIVE;
				CLANG_CXX_LANGUAGE_STANDARD = "gnu++14";
				CLANG_CXX_LIBRARY = "libc++";
				CLANG_ENABLE_MODULES = YES;
				CLANG_ENABLE_OBJC_ARC = YES;
				CLANG_ENABLE_OBJC_WEAK = YES;
				CLANG_WARN_BLOCK_CAPTURE_AUTORELEASING = YES;
				CLANG_WARN_BOOL_CONVERSION = YES;
				CLANG_WARN_COMMA = YES;
				CLANG_WARN_CONSTANT_CONVERSION = YES;
				CLANG_WARN_DEPRECATED_OBJC_IMPLEMENTATIONS = YES;
				CLANG_WARN_DIRECT_OBJC_ISA_USAGE = YES_ERROR;
				CLANG_WARN_DOCUMENTATION_COMMENTS = YES;
				CLANG_WARN_EMPTY_BODY = YES;
				CLANG_WARN_ENUM_CONVERSION = YES;
				CLANG_WARN_INFINITE_RECURSION = YES;
				CLANG_WARN_INT_CONVERSION = YES;
				CLANG_WARN_NON_LITERAL_NULL_CONVERSION = YES;
				CLANG_WARN_OBJC_IMPLICIT_RETAIN_SELF = YES;
				CLANG_WARN_OBJC_LITERAL_CONVERSION = YES;
				CLANG_WARN_OBJC_ROOT_CLASS = YES_ERROR;
				CLANG_WARN_QUOTED_INCLUDE_IN_FRAMEWORK_HEADER = YES;
				CLANG_WARN_RANGE_LOOP_ANALYSIS = YES;
				CLANG_WARN_STRICT_PROTOTYPES = YES;
				CLANG_WARN_SUSPICIOUS_MOVE = YES;
				CLANG_WARN_UNGUARDED_AVAILABILITY = YES_AGGRESSIVE;
				CLANG_WARN_UNREACHABLE_CODE = YES;
				CLANG_WARN__DUPLICATE_METHOD_MATCH = YES;
				COPY_PHASE_STRIP = NO;
				DEBUG_INFORMATION_FORMAT = "dwarf-with-dsym";
				ENABLE_NS_ASSERTIONS = NO;
				ENABLE_STRICT_OBJC_MSGSEND = YES;
				GCC_C_LANGUAGE_STANDARD = gnu11;
				GCC_NO_COMMON_BLOCKS = YES;
				GCC_WARN_64_TO_32_BIT_CONVERSION = YES;
				GCC_WARN_ABOUT_RETURN_TYPE = YES_ERROR;
				GCC_WARN_UNDECLARED_SELECTOR = YES;
				GCC_WARN_UNINITIALIZED_AUTOS = YES_AGGRESSIVE;
				GCC_WARN_UNUSED_FUNCTION = YES;
				GCC_WARN_UNUSED_VARIABLE = YES;
				IPHONEOS_DEPLOYMENT_TARGET = 14.5;
				MTL_ENABLE_DEBUG_INFO = NO;
				MTL_FAST_MATH = YES;
				SDKROOT = iphoneos;
				SWIFT_COMPILATION_MODE = wholemodule;
				SWIFT_OPTIMIZATION_LEVEL = "-O";
				VALIDATE_PRODUCT = YES;
			};
			name = Release;
		};
		8A90C7DE26CD7EB700FCC84A /* Debug */ = {
			isa = XCBuildConfiguration;
			buildSettings = {
				ASSETCATALOG_COMPILER_APPICON_NAME = AppIcon;
				ASSETCATALOG_COMPILER_GLOBAL_ACCENT_COLOR_NAME = AccentColor;
				CODE_SIGN_STYLE = Automatic;
				INFOPLIST_FILE = BankingApp/Info.plist;
				IPHONEOS_DEPLOYMENT_TARGET = 12.1;
				LD_RUNPATH_SEARCH_PATHS = (
					"$(inherited)",
					"@executable_path/Frameworks",
				);
				PRODUCT_BUNDLE_IDENTIFIER = ua.in.sur.BankingApp;
				PRODUCT_NAME = "$(TARGET_NAME)";
				SWIFT_VERSION = 5.0;
				TARGETED_DEVICE_FAMILY = 1;
			};
			name = Debug;
		};
		8A90C7DF26CD7EB700FCC84A /* Release */ = {
			isa = XCBuildConfiguration;
			buildSettings = {
				ASSETCATALOG_COMPILER_APPICON_NAME = AppIcon;
				ASSETCATALOG_COMPILER_GLOBAL_ACCENT_COLOR_NAME = AccentColor;
				CODE_SIGN_STYLE = Automatic;
				INFOPLIST_FILE = BankingApp/Info.plist;
				IPHONEOS_DEPLOYMENT_TARGET = 12.1;
				LD_RUNPATH_SEARCH_PATHS = (
					"$(inherited)",
					"@executable_path/Frameworks",
				);
				PRODUCT_BUNDLE_IDENTIFIER = ua.in.sur.BankingApp;
				PRODUCT_NAME = "$(TARGET_NAME)";
				SWIFT_VERSION = 5.0;
				TARGETED_DEVICE_FAMILY = 1;
			};
			name = Release;
		};
/* End XCBuildConfiguration section */

/* Begin XCConfigurationList section */
		8A90C7C426CD7EB300FCC84A /* Build configuration list for PBXProject "BankingApp" */ = {
			isa = XCConfigurationList;
			buildConfigurations = (
				8A90C7DB26CD7EB700FCC84A /* Debug */,
				8A90C7DC26CD7EB700FCC84A /* Release */,
			);
			defaultConfigurationIsVisible = 0;
			defaultConfigurationName = Release;
		};
		8A90C7DD26CD7EB700FCC84A /* Build configuration list for PBXNativeTarget "BankingApp" */ = {
			isa = XCConfigurationList;
			buildConfigurations = (
				8A90C7DE26CD7EB700FCC84A /* Debug */,
				8A90C7DF26CD7EB700FCC84A /* Release */,
			);
			defaultConfigurationIsVisible = 0;
			defaultConfigurationName = Release;
		};
/* End XCConfigurationList section */
	};
	rootObject = 8A90C7C126CD7EB300FCC84A /* Project object */;
}
